{
    "version": 3,
    "terraform_version": "0.9.4",
    "serial": 3,
    "lineage": "839ae16b-dbd3-4c97-aab4-5706e10b648c",
    "modules": [
        {
            "path": [
                "root"
            ],
            "outputs": {},
            "resources": {
                "aws_db_instance.mariadb_instance": {
                    "type": "aws_db_instance",
                    "depends_on": [],
                    "primary": {
                        "id": "mariadb-test-01",
                        "attributes": {
                            "address": "mariadb-test-01.cyn7dfnydrhm.us-west-2.rds.amazonaws.com",
                            "allocated_storage": "10",
                            "arn": "arn:aws:rds:us-west-2:536821665326:db:mariadb-test-01",
                            "auto_minor_version_upgrade": "true",
                            "availability_zone": "us-west-2c",
                            "backup_retention_period": "1",
                            "backup_window": "10:05-10:35",
                            "copy_tags_to_snapshot": "false",
                            "db_subnet_group_name": "default",
                            "endpoint": "mariadb-test-01.cyn7dfnydrhm.us-west-2.rds.amazonaws.com:3306",
                            "engine": "mariadb",
                            "engine_version": "10.0.17",
                            "hosted_zone_id": "Z1PVIF0B656C1W",
                            "id": "mariadb-test-01",
                            "identifier": "mariadb-test-01",
                            "instance_class": "db.t2.micro",
                            "iops": "0",
                            "kms_key_id": "",
                            "license_model": "general-public-license",
                            "maintenance_window": "tue:07:42-tue:08:12",
                            "monitoring_interval": "0",
                            "multi_az": "false",
                            "name": "",
                            "option_group_name": "default:mariadb-10-0",
                            "parameter_group_name": "default.mariadb10.0",
                            "password": "rds4test",
                            "port": "3306",
                            "publicly_accessible": "false",
                            "replicas.#": "1",
                            "replicas.0": "mariadb-test-02",
                            "replicate_source_db": "",
                            "security_group_names.#": "0",
                            "skip_final_snapshot": "true",
                            "status": "available",
                            "storage_encrypted": "false",
                            "storage_type": "gp2",
                            "tags.%": "1",
                            "tags.Role": "mariadb-test",
                            "timezone": "",
                            "username": "root",
                            "vpc_security_group_ids.#": "1",
                            "vpc_security_group_ids.3024108181": "sg-8796b3fd"
                        },
                        "meta": {
                            "e2bfb730-ecaa-11e6-8f88-34363bc7c4c0": {
                                "create": 2400000000000,
                                "delete": 2400000000000,
                                "update": 4800000000000
                            }
                        },
                        "tainted": false
                    },
                    "deposed": [],
                    "provider": ""
                },
                "aws_db_instance.read_replication": {
                    "type": "aws_db_instance",
                    "depends_on": [],
                    "primary": {
                        "id": "mariadb-test-02",
                        "attributes": {
                            "address": "mariadb-test-02.cyn7dfnydrhm.us-west-2.rds.amazonaws.com",
                            "allocated_storage": "10",
                            "arn": "arn:aws:rds:us-west-2:536821665326:db:mariadb-test-02",
                            "auto_minor_version_upgrade": "true",
                            "availability_zone": "us-west-2c",
                            "backup_retention_period": "0",
                            "backup_window": "10:05-10:35",
                            "copy_tags_to_snapshot": "false",
                            "db_subnet_group_name": "default",
                            "endpoint": "mariadb-test-02.cyn7dfnydrhm.us-west-2.rds.amazonaws.com:3306",
                            "engine": "mariadb",
                            "engine_version": "10.0.17",
                            "hosted_zone_id": "Z1PVIF0B656C1W",
                            "id": "mariadb-test-02",
                            "identifier": "mariadb-test-02",
                            "instance_class": "db.t2.micro",
                            "iops": "0",
                            "kms_key_id": "",
                            "license_model": "general-public-license",
                            "maintenance_window": "tue:07:42-tue:08:12",
                            "monitoring_interval": "0",
                            "multi_az": "false",
                            "name": "",
                            "option_group_name": "default:mariadb-10-0",
                            "parameter_group_name": "default.mariadb10.0",
                            "port": "3306",
                            "publicly_accessible": "false",
                            "replicas.#": "0",
                            "replicate_source_db": "mariadb-test-01",
                            "security_group_names.#": "0",
                            "skip_final_snapshot": "true",
                            "status": "available",
                            "storage_encrypted": "false",
                            "storage_type": "gp2",
                            "tags.%": "1",
                            "tags.Role": "mariadb-test",
                            "timezone": "",
                            "username": "root",
                            "vpc_security_group_ids.#": "1",
                            "vpc_security_group_ids.3024108181": "sg-8796b3fd"
                        },
                        "meta": {
                            "e2bfb730-ecaa-11e6-8f88-34363bc7c4c0": {
                                "create": 2400000000000,
                                "delete": 2400000000000,
                                "update": 4800000000000
                            }
                        },
                        "tainted": false
                    },
                    "deposed": [],
                    "provider": ""
                }
            },
            "depends_on": []
        }
    ]
}
